
Microsoft Visual Studio Solution File, Format Version 12.00
# Visual Studio Version 17
VisualStudioVersion = 17.11.35219.272
MinimumVisualStudioVersion = 10.0.40219.1
Project("{FAE04EC0-301F-11D3-BF4B-00C04F79EFBC}") = "MovieTheater.API", "MovieTheater.API\MovieTheater.API.csproj", "{818C805F-5E1F-4D6E-B0A0-6D76AFA2F873}"
EndProject
Project("{FAE04EC0-301F-11D3-BF4B-00C04F79EFBC}") = "MovieTheater.Application", "MovieTheater.Application\MovieTheater.Application.csproj", "{9ABB5DFC-D682-4567-8B68-3D551B3063E2}"
EndProject
Project("{FAE04EC0-301F-11D3-BF4B-00C04F79EFBC}") = "MovieTheater.Domain", "MovieTheater.Domain\MovieTheater.Domain.csproj", "{B8698803-C3B8-4534-8615-1A61EA48971B}"
EndProject
Project("{FAE04EC0-301F-11D3-BF4B-00C04F79EFBC}") = "MovieTheater.Infrastructure", "MovieTheater.Infrastructure\MovieTheater.Infrastructure.csproj", "{914B10C7-40B9-487B-9A45-DB1CD4A9493F}"
EndProject
Project("{E53339B2-1760-4266-BCC7-CA923CBCF16C}") = "docker-compose", "docker-compose.dcproj", "{81DDED9D-158B-E303-5F62-77A2896D2A5A}"
EndProject
Global
	GlobalSection(SolutionConfigurationPlatforms) = preSolution
		Debug|Any CPU = Debug|Any CPU
		Release|Any CPU = Release|Any CPU
	EndGlobalSection
	GlobalSection(ProjectConfigurationPlatforms) = postSolution
		{818C805F-5E1F-4D6E-B0A0-6D76AFA2F873}.Debug|Any CPU.ActiveCfg = Debug|Any CPU
		{818C805F-5E1F-4D6E-B0A0-6D76AFA2F873}.Debug|Any CPU.Build.0 = Debug|Any CPU
		{818C805F-5E1F-4D6E-B0A0-6D76AFA2F873}.Release|Any CPU.ActiveCfg = Release|Any CPU
		{818C805F-5E1F-4D6E-B0A0-6D76AFA2F873}.Release|Any CPU.Build.0 = Release|Any CPU
		{9ABB5DFC-D682-4567-8B68-3D551B3063E2}.Debug|Any CPU.ActiveCfg = Debug|Any CPU
		{9ABB5DFC-D682-4567-8B68-3D551B3063E2}.Debug|Any CPU.Build.0 = Debug|Any CPU
		{9ABB5DFC-D682-4567-8B68-3D551B3063E2}.Release|Any CPU.ActiveCfg = Release|Any CPU
		{9ABB5DFC-D682-4567-8B68-3D551B3063E2}.Release|Any CPU.Build.0 = Release|Any CPU
		{B8698803-C3B8-4534-8615-1A61EA48971B}.Debug|Any CPU.ActiveCfg = Debug|Any CPU
		{B8698803-C3B8-4534-8615-1A61EA48971B}.Debug|Any CPU.Build.0 = Debug|Any CPU
		{B8698803-C3B8-4534-8615-1A61EA48971B}.Release|Any CPU.ActiveCfg = Release|Any CPU
		{B8698803-C3B8-4534-8615-1A61EA48971B}.Release|Any CPU.Build.0 = Release|Any CPU
		{914B10C7-40B9-487B-9A45-DB1CD4A9493F}.Debug|Any CPU.ActiveCfg = Debug|Any CPU
		{914B10C7-40B9-487B-9A45-DB1CD4A9493F}.Debug|Any CPU.Build.0 = Debug|Any CPU
		{914B10C7-40B9-487B-9A45-DB1CD4A9493F}.Release|Any CPU.ActiveCfg = Release|Any CPU
		{914B10C7-40B9-487B-9A45-DB1CD4A9493F}.Release|Any CPU.Build.0 = Release|Any CPU
		{81DDED9D-158B-E303-5F62-77A2896D2A5A}.Debug|Any CPU.ActiveCfg = Debug|Any CPU
		{81DDED9D-158B-E303-5F62-77A2896D2A5A}.Debug|Any CPU.Build.0 = Debug|Any CPU
		{81DDED9D-158B-E303-5F62-77A2896D2A5A}.Release|Any CPU.ActiveCfg = Release|Any CPU
		{81DDED9D-158B-E303-5F62-77A2896D2A5A}.Release|Any CPU.Build.0 = Release|Any CPU
	EndGlobalSection
	GlobalSection(SolutionProperties) = preSolution
		HideSolutionNode = FALSE
	EndGlobalSection
	GlobalSection(ExtensibilityGlobals) = postSolution
		SolutionGuid = {B905A82A-0EA6-4556-9D5D-5011C43E2AA4}
	EndGlobalSection
EndGlobal
